// !$*UTF8*$!
{
	archiveVersion = 1;
	classes = {
	};
	objectVersion = 56;
	objects = {

/* Begin PBXBuildFile section */
		4D3AAD4D2C5A0DB800CA33B3 /* TableViewCell.swift in Sources */ = {isa = PBXBuildFile; fileRef = 4D3AAD4C2C5A0DB800CA33B3 /* TableViewCell.swift */; };
		4D3AAD5A2C5A455B00CA33B3 /* NewsEntity+CoreDataProperties.swift in Sources */ = {isa = PBXBuildFile; fileRef = 4D3AAD562C5A455B00CA33B3 /* NewsEntity+CoreDataProperties.swift */; };
		4D3AAD5B2C5A455B00CA33B3 /* NewsEnties+CoreDataClass.swift in Sources */ = {isa = PBXBuildFile; fileRef = 4D3AAD572C5A455B00CA33B3 /* NewsEnties+CoreDataClass.swift */; };
		4D3AAD5C2C5A455B00CA33B3 /* NewsEntity+CoreDataClass.swift in Sources */ = {isa = PBXBuildFile; fileRef = 4D3AAD582C5A455B00CA33B3 /* NewsEntity+CoreDataClass.swift */; };
		4D3AAD5D2C5A455B00CA33B3 /* NewsEnties+CoreDataProperties.swift in Sources */ = {isa = PBXBuildFile; fileRef = 4D3AAD592C5A455B00CA33B3 /* NewsEnties+CoreDataProperties.swift */; };
		4D3AAD5E2C5A69E900CA33B3 /* DisplayOfInformationView.swift in Sources */ = {isa = PBXBuildFile; fileRef = 4D3AAD4E2C5A0DE500CA33B3 /* DisplayOfInformationView.swift */; };
		4D3AAD5F2C5A6AF900CA33B3 /* DisplayOfInformationView.xib in Resources */ = {isa = PBXBuildFile; fileRef = 4D3AAD542C5A0E9D00CA33B3 /* DisplayOfInformationView.xib */; };
		4D5C48B32C58C2AC00CCFC75 /* AnimationService.swift in Sources */ = {isa = PBXBuildFile; fileRef = 4D5C48B22C58C2AC00CCFC75 /* AnimationService.swift */; };
		4D6588562C563C8B004C745B /* Coordinator.swift in Sources */ = {isa = PBXBuildFile; fileRef = 4D6588552C563C8B004C745B /* Coordinator.swift */; };
		4D6588582C563CAD004C745B /* Scene.swift in Sources */ = {isa = PBXBuildFile; fileRef = 4D6588572C563CAD004C745B /* Scene.swift */; };
		4D65885A2C563CD4004C745B /* SplashViewModel.swift in Sources */ = {isa = PBXBuildFile; fileRef = 4D6588592C563CD4004C745B /* SplashViewModel.swift */; };
		4D65885E2C563D6B004C745B /* SplashViewController.swift in Sources */ = {isa = PBXBuildFile; fileRef = 4D65885D2C563D6B004C745B /* SplashViewController.swift */; };
		4D6588602C563D8B004C745B /* MainViewController.swift in Sources */ = {isa = PBXBuildFile; fileRef = 4D65885F2C563D8B004C745B /* MainViewController.swift */; };
		4D6588612C563E59004C745B /* MainViewModel.swift in Sources */ = {isa = PBXBuildFile; fileRef = 4D65885B2C563CFE004C745B /* MainViewModel.swift */; };
		4D6588682C5645C7004C745B /* App.xcdatamodeld in Sources */ = {isa = PBXBuildFile; fileRef = 4D6588662C5645C7004C745B /* App.xcdatamodeld */; };
		4D65888C2C5648B0004C745B /* CoreDataStack.swift in Sources */ = {isa = PBXBuildFile; fileRef = 4D65888B2C5648B0004C745B /* CoreDataStack.swift */; };
		4D65888E2C56497B004C745B /* NetworkManager.swift in Sources */ = {isa = PBXBuildFile; fileRef = 4D65888D2C56497B004C745B /* NetworkManager.swift */; };
		4D6588912C5649C6004C745B /* ContentModel.swift in Sources */ = {isa = PBXBuildFile; fileRef = 4D6588902C5649C6004C745B /* ContentModel.swift */; };
		4D9EE9CF2C55567B002BF6B7 /* AppDelegate.swift in Sources */ = {isa = PBXBuildFile; fileRef = 4D9EE9CE2C55567B002BF6B7 /* AppDelegate.swift */; };
		4D9EE9D12C55567B002BF6B7 /* SceneDelegate.swift in Sources */ = {isa = PBXBuildFile; fileRef = 4D9EE9D02C55567B002BF6B7 /* SceneDelegate.swift */; };
		4D9EE9D82C55567D002BF6B7 /* Assets.xcassets in Resources */ = {isa = PBXBuildFile; fileRef = 4D9EE9D72C55567D002BF6B7 /* Assets.xcassets */; };
		4D9EE9DB2C55567D002BF6B7 /* LaunchScreen.storyboard in Resources */ = {isa = PBXBuildFile; fileRef = 4D9EE9D92C55567D002BF6B7 /* LaunchScreen.storyboard */; };
		B0292DA3B7A017CB8E56E954 /* Pods_App_MVVM_RxSwift_and_other_Frameworks.framework in Frameworks */ = {isa = PBXBuildFile; fileRef = 0CFA133F69B48C9A04AB7A94 /* Pods_App_MVVM_RxSwift_and_other_Frameworks.framework */; };
/* End PBXBuildFile section */

/* Begin PBXFileReference section */
		01471F0859F49A2B09F6437C /* Pods-App-MVVM-RxSwift-and-other-Frameworks.debug.xcconfig */ = {isa = PBXFileReference; includeInIndex = 1; lastKnownFileType = text.xcconfig; name = "Pods-App-MVVM-RxSwift-and-other-Frameworks.debug.xcconfig"; path = "Target Support Files/Pods-App-MVVM-RxSwift-and-other-Frameworks/Pods-App-MVVM-RxSwift-and-other-Frameworks.debug.xcconfig"; sourceTree = "<group>"; };
		0CFA133F69B48C9A04AB7A94 /* Pods_App_MVVM_RxSwift_and_other_Frameworks.framework */ = {isa = PBXFileReference; explicitFileType = wrapper.framework; includeInIndex = 0; path = Pods_App_MVVM_RxSwift_and_other_Frameworks.framework; sourceTree = BUILT_PRODUCTS_DIR; };
		4D3AAD4C2C5A0DB800CA33B3 /* TableViewCell.swift */ = {isa = PBXFileReference; lastKnownFileType = sourcecode.swift; path = TableViewCell.swift; sourceTree = "<group>"; };
		4D3AAD4E2C5A0DE500CA33B3 /* DisplayOfInformationView.swift */ = {isa = PBXFileReference; lastKnownFileType = sourcecode.swift; path = DisplayOfInformationView.swift; sourceTree = "<group>"; };
		4D3AAD542C5A0E9D00CA33B3 /* DisplayOfInformationView.xib */ = {isa = PBXFileReference; fileEncoding = 4; lastKnownFileType = file.xib; path = DisplayOfInformationView.xib; sourceTree = "<group>"; };
		4D3AAD562C5A455B00CA33B3 /* NewsEntity+CoreDataProperties.swift */ = {isa = PBXFileReference; fileEncoding = 4; lastKnownFileType = sourcecode.swift; path = "NewsEntity+CoreDataProperties.swift"; sourceTree = "<group>"; };
		4D3AAD572C5A455B00CA33B3 /* NewsEnties+CoreDataClass.swift */ = {isa = PBXFileReference; fileEncoding = 4; lastKnownFileType = sourcecode.swift; path = "NewsEnties+CoreDataClass.swift"; sourceTree = "<group>"; };
		4D3AAD582C5A455B00CA33B3 /* NewsEntity+CoreDataClass.swift */ = {isa = PBXFileReference; fileEncoding = 4; lastKnownFileType = sourcecode.swift; path = "NewsEntity+CoreDataClass.swift"; sourceTree = "<group>"; };
		4D3AAD592C5A455B00CA33B3 /* NewsEnties+CoreDataProperties.swift */ = {isa = PBXFileReference; fileEncoding = 4; lastKnownFileType = sourcecode.swift; path = "NewsEnties+CoreDataProperties.swift"; sourceTree = "<group>"; };
		4D5C48B22C58C2AC00CCFC75 /* AnimationService.swift */ = {isa = PBXFileReference; lastKnownFileType = sourcecode.swift; path = AnimationService.swift; sourceTree = "<group>"; };
		4D6588552C563C8B004C745B /* Coordinator.swift */ = {isa = PBXFileReference; lastKnownFileType = sourcecode.swift; path = Coordinator.swift; sourceTree = "<group>"; };
		4D6588572C563CAD004C745B /* Scene.swift */ = {isa = PBXFileReference; lastKnownFileType = sourcecode.swift; path = Scene.swift; sourceTree = "<group>"; };
		4D6588592C563CD4004C745B /* SplashViewModel.swift */ = {isa = PBXFileReference; lastKnownFileType = sourcecode.swift; path = SplashViewModel.swift; sourceTree = "<group>"; };
		4D65885B2C563CFE004C745B /* MainViewModel.swift */ = {isa = PBXFileReference; lastKnownFileType = sourcecode.swift; path = MainViewModel.swift; sourceTree = "<group>"; };
		4D65885D2C563D6B004C745B /* SplashViewController.swift */ = {isa = PBXFileReference; lastKnownFileType = sourcecode.swift; path = SplashViewController.swift; sourceTree = "<group>"; };
		4D65885F2C563D8B004C745B /* MainViewController.swift */ = {isa = PBXFileReference; lastKnownFileType = sourcecode.swift; path = MainViewController.swift; sourceTree = "<group>"; };
		4D6588672C5645C7004C745B /* App.xcdatamodel */ = {isa = PBXFileReference; lastKnownFileType = wrapper.xcdatamodel; path = App.xcdatamodel; sourceTree = "<group>"; };
		4D65888B2C5648B0004C745B /* CoreDataStack.swift */ = {isa = PBXFileReference; lastKnownFileType = sourcecode.swift; path = CoreDataStack.swift; sourceTree = "<group>"; };
		4D65888D2C56497B004C745B /* NetworkManager.swift */ = {isa = PBXFileReference; lastKnownFileType = sourcecode.swift; path = NetworkManager.swift; sourceTree = "<group>"; };
		4D6588902C5649C6004C745B /* ContentModel.swift */ = {isa = PBXFileReference; lastKnownFileType = sourcecode.swift; path = ContentModel.swift; sourceTree = "<group>"; };
		4D9EE9CB2C55567B002BF6B7 /* App-MVVM-RxSwift-and-other-Frameworks.app */ = {isa = PBXFileReference; explicitFileType = wrapper.application; includeInIndex = 0; path = "App-MVVM-RxSwift-and-other-Frameworks.app"; sourceTree = BUILT_PRODUCTS_DIR; };
		4D9EE9CE2C55567B002BF6B7 /* AppDelegate.swift */ = {isa = PBXFileReference; lastKnownFileType = sourcecode.swift; path = AppDelegate.swift; sourceTree = "<group>"; };
		4D9EE9D02C55567B002BF6B7 /* SceneDelegate.swift */ = {isa = PBXFileReference; lastKnownFileType = sourcecode.swift; path = SceneDelegate.swift; sourceTree = "<group>"; };
		4D9EE9D72C55567D002BF6B7 /* Assets.xcassets */ = {isa = PBXFileReference; lastKnownFileType = folder.assetcatalog; path = Assets.xcassets; sourceTree = "<group>"; };
		4D9EE9DA2C55567D002BF6B7 /* Base */ = {isa = PBXFileReference; lastKnownFileType = file.storyboard; name = Base; path = Base.lproj/LaunchScreen.storyboard; sourceTree = "<group>"; };
		4D9EE9DC2C55567D002BF6B7 /* Info.plist */ = {isa = PBXFileReference; lastKnownFileType = text.plist.xml; path = Info.plist; sourceTree = "<group>"; };
		9C43DFFF0B589065C57C0193 /* Pods-App-MVVM-RxSwift-and-other-Frameworks.release.xcconfig */ = {isa = PBXFileReference; includeInIndex = 1; lastKnownFileType = text.xcconfig; name = "Pods-App-MVVM-RxSwift-and-other-Frameworks.release.xcconfig"; path = "Target Support Files/Pods-App-MVVM-RxSwift-and-other-Frameworks/Pods-App-MVVM-RxSwift-and-other-Frameworks.release.xcconfig"; sourceTree = "<group>"; };
/* End PBXFileReference section */

/* Begin PBXFrameworksBuildPhase section */
		4D9EE9C82C55567B002BF6B7 /* Frameworks */ = {
			isa = PBXFrameworksBuildPhase;
			buildActionMask = 2147483647;
			files = (
				B0292DA3B7A017CB8E56E954 /* Pods_App_MVVM_RxSwift_and_other_Frameworks.framework in Frameworks */,
			);
			runOnlyForDeploymentPostprocessing = 0;
		};
/* End PBXFrameworksBuildPhase section */

/* Begin PBXGroup section */
		1500618D9459BD8B4FE3A238 /* Frameworks */ = {
			isa = PBXGroup;
			children = (
				0CFA133F69B48C9A04AB7A94 /* Pods_App_MVVM_RxSwift_and_other_Frameworks.framework */,
			);
			name = Frameworks;
			sourceTree = "<group>";
		};
		43AD3200E6A3714F1CF56F8A /* Pods */ = {
			isa = PBXGroup;
			children = (
				01471F0859F49A2B09F6437C /* Pods-App-MVVM-RxSwift-and-other-Frameworks.debug.xcconfig */,
				9C43DFFF0B589065C57C0193 /* Pods-App-MVVM-RxSwift-and-other-Frameworks.release.xcconfig */,
			);
			path = Pods;
			sourceTree = "<group>";
		};
		4D3AAD4B2C5A0D9000CA33B3 /* View */ = {
			isa = PBXGroup;
			children = (
				4D6588632C5640BA004C745B /* Scene */,
				4D3AAD4C2C5A0DB800CA33B3 /* TableViewCell.swift */,
				4D3AAD4E2C5A0DE500CA33B3 /* DisplayOfInformationView.swift */,
				4D3AAD542C5A0E9D00CA33B3 /* DisplayOfInformationView.xib */,
			);
			path = View;
			sourceTree = "<group>";
		};
		4D6588622C5640A7004C745B /* Coordinator */ = {
			isa = PBXGroup;
			children = (
				4D6588552C563C8B004C745B /* Coordinator.swift */,
			);
			path = Coordinator;
			sourceTree = "<group>";
		};
		4D6588632C5640BA004C745B /* Scene */ = {
			isa = PBXGroup;
			children = (
				4D6588572C563CAD004C745B /* Scene.swift */,
				4D65885D2C563D6B004C745B /* SplashViewController.swift */,
				4D65885F2C563D8B004C745B /* MainViewController.swift */,
			);
			path = Scene;
			sourceTree = "<group>";
		};
		4D6588652C5640D5004C745B /* ViewModel */ = {
			isa = PBXGroup;
			children = (
				4D6588592C563CD4004C745B /* SplashViewModel.swift */,
				4D65885B2C563CFE004C745B /* MainViewModel.swift */,
			);
			path = ViewModel;
			sourceTree = "<group>";
		};
		4D6588692C5646A2004C745B /* Servises */ = {
			isa = PBXGroup;
			children = (
				4D5C48B22C58C2AC00CCFC75 /* AnimationService.swift */,
				4D65888D2C56497B004C745B /* NetworkManager.swift */,
				4D65888B2C5648B0004C745B /* CoreDataStack.swift */,
				4D65886A2C5646B2004C745B /* CoreDataModel */,
			);
			path = Servises;
			sourceTree = "<group>";
		};
		4D65886A2C5646B2004C745B /* CoreDataModel */ = {
			isa = PBXGroup;
			children = (
				4D3AAD572C5A455B00CA33B3 /* NewsEnties+CoreDataClass.swift */,
				4D3AAD592C5A455B00CA33B3 /* NewsEnties+CoreDataProperties.swift */,
				4D3AAD582C5A455B00CA33B3 /* NewsEntity+CoreDataClass.swift */,
				4D3AAD562C5A455B00CA33B3 /* NewsEntity+CoreDataProperties.swift */,
			);
			path = CoreDataModel;
			sourceTree = "<group>";
		};
		4D65888F2C5649B4004C745B /* Model */ = {
			isa = PBXGroup;
			children = (
				4D6588902C5649C6004C745B /* ContentModel.swift */,
			);
			path = Model;
			sourceTree = "<group>";
		};
		4D9EE9C22C55567B002BF6B7 = {
			isa = PBXGroup;
			children = (
				4D9EE9CD2C55567B002BF6B7 /* App-MVVM-RxSwift-and-other-Frameworks */,
				4D9EE9CC2C55567B002BF6B7 /* Products */,
				43AD3200E6A3714F1CF56F8A /* Pods */,
				1500618D9459BD8B4FE3A238 /* Frameworks */,
			);
			sourceTree = "<group>";
		};
		4D9EE9CC2C55567B002BF6B7 /* Products */ = {
			isa = PBXGroup;
			children = (
				4D9EE9CB2C55567B002BF6B7 /* App-MVVM-RxSwift-and-other-Frameworks.app */,
			);
			name = Products;
			sourceTree = "<group>";
		};
		4D9EE9CD2C55567B002BF6B7 /* App-MVVM-RxSwift-and-other-Frameworks */ = {
			isa = PBXGroup;
			children = (
				4D9EE9CE2C55567B002BF6B7 /* AppDelegate.swift */,
				4D9EE9D02C55567B002BF6B7 /* SceneDelegate.swift */,
				4D6588692C5646A2004C745B /* Servises */,
				4D6588622C5640A7004C745B /* Coordinator */,
				4D65888F2C5649B4004C745B /* Model */,
				4D3AAD4B2C5A0D9000CA33B3 /* View */,
				4D6588652C5640D5004C745B /* ViewModel */,
				4D9EE9D92C55567D002BF6B7 /* LaunchScreen.storyboard */,
				4D9EE9D72C55567D002BF6B7 /* Assets.xcassets */,
				4D9EE9DC2C55567D002BF6B7 /* Info.plist */,
				4D6588662C5645C7004C745B /* App.xcdatamodeld */,
			);
			path = "App-MVVM-RxSwift-and-other-Frameworks";
			sourceTree = "<group>";
		};
/* End PBXGroup section */

/* Begin PBXNativeTarget section */
		4D9EE9CA2C55567B002BF6B7 /* App-MVVM-RxSwift-and-other-Frameworks */ = {
			isa = PBXNativeTarget;
			buildConfigurationList = 4D9EE9DF2C55567D002BF6B7 /* Build configuration list for PBXNativeTarget "App-MVVM-RxSwift-and-other-Frameworks" */;
			buildPhases = (
				487618EA26B0FF54DA6C7498 /* [CP] Check Pods Manifest.lock */,
				4D9EE9C72C55567B002BF6B7 /* Sources */,
				4D9EE9C82C55567B002BF6B7 /* Frameworks */,
				4D9EE9C92C55567B002BF6B7 /* Resources */,
				A3071589D7A27A3C24E9DC6D /* [CP] Embed Pods Frameworks */,
			);
			buildRules = (
			);
			dependencies = (
			);
			name = "App-MVVM-RxSwift-and-other-Frameworks";
			productName = "App-MVVM-RxSwift-and-other-Frameworks";
			productReference = 4D9EE9CB2C55567B002BF6B7 /* App-MVVM-RxSwift-and-other-Frameworks.app */;
			productType = "com.apple.product-type.application";
		};
/* End PBXNativeTarget section */

/* Begin PBXProject section */
		4D9EE9C32C55567B002BF6B7 /* Project object */ = {
			isa = PBXProject;
			attributes = {
				BuildIndependentTargetsInParallel = 1;
				LastSwiftUpdateCheck = 1510;
				LastUpgradeCheck = 1510;
				TargetAttributes = {
					4D9EE9CA2C55567B002BF6B7 = {
						CreatedOnToolsVersion = 15.1;
					};
				};
			};
			buildConfigurationList = 4D9EE9C62C55567B002BF6B7 /* Build configuration list for PBXProject "App-MVVM-RxSwift-and-other-Frameworks" */;
			compatibilityVersion = "Xcode 14.0";
			developmentRegion = en;
			hasScannedForEncodings = 0;
			knownRegions = (
				en,
				Base,
			);
			mainGroup = 4D9EE9C22C55567B002BF6B7;
			productRefGroup = 4D9EE9CC2C55567B002BF6B7 /* Products */;
			projectDirPath = "";
			projectRoot = "";
			targets = (
				4D9EE9CA2C55567B002BF6B7 /* App-MVVM-RxSwift-and-other-Frameworks */,
			);
		};
/* End PBXProject section */

/* Begin PBXResourcesBuildPhase section */
		4D9EE9C92C55567B002BF6B7 /* Resources */ = {
			isa = PBXResourcesBuildPhase;
			buildActionMask = 2147483647;
			files = (
				4D3AAD5F2C5A6AF900CA33B3 /* DisplayOfInformationView.xib in Resources */,
				4D9EE9DB2C55567D002BF6B7 /* LaunchScreen.storyboard in Resources */,
				4D9EE9D82C55567D002BF6B7 /* Assets.xcassets in Resources */,
			);
			runOnlyForDeploymentPostprocessing = 0;
		};
/* End PBXResourcesBuildPhase section */

/* Begin PBXShellScriptBuildPhase section */
		487618EA26B0FF54DA6C7498 /* [CP] Check Pods Manifest.lock */ = {
			isa = PBXShellScriptBuildPhase;
			buildActionMask = 2147483647;
			files = (
			);
			inputFileListPaths = (
			);
			inputPaths = (
				"${PODS_PODFILE_DIR_PATH}/Podfile.lock",
				"${PODS_ROOT}/Manifest.lock",
			);
			name = "[CP] Check Pods Manifest.lock";
			outputFileListPaths = (
			);
			outputPaths = (
				"$(DERIVED_FILE_DIR)/Pods-App-MVVM-RxSwift-and-other-Frameworks-checkManifestLockResult.txt",
			);
			runOnlyForDeploymentPostprocessing = 0;
			shellPath = /bin/sh;
			shellScript = "diff \"${PODS_PODFILE_DIR_PATH}/Podfile.lock\" \"${PODS_ROOT}/Manifest.lock\" > /dev/null\nif [ $? != 0 ] ; then\n    # print error to STDERR\n    echo \"error: The sandbox is not in sync with the Podfile.lock. Run 'pod install' or update your CocoaPods installation.\" >&2\n    exit 1\nfi\n# This output is used by Xcode 'outputs' to avoid re-running this script phase.\necho \"SUCCESS\" > \"${SCRIPT_OUTPUT_FILE_0}\"\n";
			showEnvVarsInLog = 0;
		};
		A3071589D7A27A3C24E9DC6D /* [CP] Embed Pods Frameworks */ = {
			isa = PBXShellScriptBuildPhase;
			buildActionMask = 2147483647;
			files = (
			);
			inputFileListPaths = (
				"${PODS_ROOT}/Target Support Files/Pods-App-MVVM-RxSwift-and-other-Frameworks/Pods-App-MVVM-RxSwift-and-other-Frameworks-frameworks-${CONFIGURATION}-input-files.xcfilelist",
			);
			name = "[CP] Embed Pods Frameworks";
			outputFileListPaths = (
				"${PODS_ROOT}/Target Support Files/Pods-App-MVVM-RxSwift-and-other-Frameworks/Pods-App-MVVM-RxSwift-and-other-Frameworks-frameworks-${CONFIGURATION}-output-files.xcfilelist",
			);
			runOnlyForDeploymentPostprocessing = 0;
			shellPath = /bin/sh;
			shellScript = "\"${PODS_ROOT}/Target Support Files/Pods-App-MVVM-RxSwift-and-other-Frameworks/Pods-App-MVVM-RxSwift-and-other-Frameworks-frameworks.sh\"\n";
			showEnvVarsInLog = 0;
		};
/* End PBXShellScriptBuildPhase section */

/* Begin PBXSourcesBuildPhase section */
		4D9EE9C72C55567B002BF6B7 /* Sources */ = {
			isa = PBXSourcesBuildPhase;
			buildActionMask = 2147483647;
			files = (
				4D3AAD5D2C5A455B00CA33B3 /* NewsEnties+CoreDataProperties.swift in Sources */,
				4D65885A2C563CD4004C745B /* SplashViewModel.swift in Sources */,
				4D3AAD5B2C5A455B00CA33B3 /* NewsEnties+CoreDataClass.swift in Sources */,
				4D6588582C563CAD004C745B /* Scene.swift in Sources */,
				4D9EE9CF2C55567B002BF6B7 /* AppDelegate.swift in Sources */,
				4D3AAD4D2C5A0DB800CA33B3 /* TableViewCell.swift in Sources */,
				4D9EE9D12C55567B002BF6B7 /* SceneDelegate.swift in Sources */,
				4D6588562C563C8B004C745B /* Coordinator.swift in Sources */,
				4D65885E2C563D6B004C745B /* SplashViewController.swift in Sources */,
				4D6588602C563D8B004C745B /* MainViewController.swift in Sources */,
				4D65888C2C5648B0004C745B /* CoreDataStack.swift in Sources */,
				4D6588912C5649C6004C745B /* ContentModel.swift in Sources */,
				4D5C48B32C58C2AC00CCFC75 /* AnimationService.swift in Sources */,
				4D3AAD5A2C5A455B00CA33B3 /* NewsEntity+CoreDataProperties.swift in Sources */,
				4D6588682C5645C7004C745B /* App.xcdatamodeld in Sources */,
				4D6588612C563E59004C745B /* MainViewModel.swift in Sources */,
				4D65888E2C56497B004C745B /* NetworkManager.swift in Sources */,
				4D3AAD5C2C5A455B00CA33B3 /* NewsEntity+CoreDataClass.swift in Sources */,
				4D3AAD5E2C5A69E900CA33B3 /* DisplayOfInformationView.swift in Sources */,
			);
			runOnlyForDeploymentPostprocessing = 0;
		};
/* End PBXSourcesBuildPhase section */

/* Begin PBXVariantGroup section */
		4D9EE9D92C55567D002BF6B7 /* LaunchScreen.storyboard */ = {
			isa = PBXVariantGroup;
			children = (
				4D9EE9DA2C55567D002BF6B7 /* Base */,
			);
			name = LaunchScreen.storyboard;
			sourceTree = "<group>";
		};
/* End PBXVariantGroup section */

/* Begin XCBuildConfiguration section */
		4D9EE9DD2C55567D002BF6B7 /* Debug */ = {
			isa = XCBuildConfiguration;
			buildSettings = {
				ALWAYS_SEARCH_USER_PATHS = NO;
				ASSETCATALOG_COMPILER_GENERATE_SWIFT_ASSET_SYMBOL_EXTENSIONS = YES;
				CLANG_ANALYZER_NONNULL = YES;
				CLANG_ANALYZER_NUMBER_OBJECT_CONVERSION = YES_AGGRESSIVE;
				CLANG_CXX_LANGUAGE_STANDARD = "gnu++20";
				CLANG_ENABLE_MODULES = YES;
				CLANG_ENABLE_OBJC_ARC = YES;
				CLANG_ENABLE_OBJC_WEAK = YES;
				CLANG_WARN_BLOCK_CAPTURE_AUTORELEASING = YES;
				CLANG_WARN_BOOL_CONVERSION = YES;
				CLANG_WARN_COMMA = YES;
				CLANG_WARN_CONSTANT_CONVERSION = YES;
				CLANG_WARN_DEPRECATED_OBJC_IMPLEMENTATIONS = YES;
				CLANG_WARN_DIRECT_OBJC_ISA_USAGE = YES_ERROR;
				CLANG_WARN_DOCUMENTATION_COMMENTS = YES;
				CLANG_WARN_EMPTY_BODY = YES;
				CLANG_WARN_ENUM_CONVERSION = YES;
				CLANG_WARN_INFINITE_RECURSION = YES;
				CLANG_WARN_INT_CONVERSION = YES;
				CLANG_WARN_NON_LITERAL_NULL_CONVERSION = YES;
				CLANG_WARN_OBJC_IMPLICIT_RETAIN_SELF = YES;
				CLANG_WARN_OBJC_LITERAL_CONVERSION = YES;
				CLANG_WARN_OBJC_ROOT_CLASS = YES_ERROR;
				CLANG_WARN_QUOTED_INCLUDE_IN_FRAMEWORK_HEADER = YES;
				CLANG_WARN_RANGE_LOOP_ANALYSIS = YES;
				CLANG_WARN_STRICT_PROTOTYPES = YES;
				CLANG_WARN_SUSPICIOUS_MOVE = YES;
				CLANG_WARN_UNGUARDED_AVAILABILITY = YES_AGGRESSIVE;
				CLANG_WARN_UNREACHABLE_CODE = YES;
				CLANG_WARN__DUPLICATE_METHOD_MATCH = YES;
				COPY_PHASE_STRIP = NO;
				DEBUG_INFORMATION_FORMAT = dwarf;
				ENABLE_STRICT_OBJC_MSGSEND = YES;
				ENABLE_TESTABILITY = YES;
				ENABLE_USER_SCRIPT_SANDBOXING = NO;
				GCC_C_LANGUAGE_STANDARD = gnu17;
				GCC_DYNAMIC_NO_PIC = NO;
				GCC_NO_COMMON_BLOCKS = YES;
				GCC_OPTIMIZATION_LEVEL = 0;
				GCC_PREPROCESSOR_DEFINITIONS = (
					"DEBUG=1",
					"$(inherited)",
				);
				GCC_WARN_64_TO_32_BIT_CONVERSION = YES;
				GCC_WARN_ABOUT_RETURN_TYPE = YES_ERROR;
				GCC_WARN_UNDECLARED_SELECTOR = YES;
				GCC_WARN_UNINITIALIZED_AUTOS = YES_AGGRESSIVE;
				GCC_WARN_UNUSED_FUNCTION = YES;
				GCC_WARN_UNUSED_VARIABLE = YES;
				IPHONEOS_DEPLOYMENT_TARGET = 13.0;
				LOCALIZATION_PREFERS_STRING_CATALOGS = YES;
				MTL_ENABLE_DEBUG_INFO = INCLUDE_SOURCE;
				MTL_FAST_MATH = YES;
				ONLY_ACTIVE_ARCH = YES;
				SDKROOT = iphoneos;
				SWIFT_ACTIVE_COMPILATION_CONDITIONS = "DEBUG $(inherited)";
				SWIFT_OPTIMIZATION_LEVEL = "-Onone";
			};
			name = Debug;
		};
		4D9EE9DE2C55567D002BF6B7 /* Release */ = {
			isa = XCBuildConfiguration;
			buildSettings = {
				ALWAYS_SEARCH_USER_PATHS = NO;
				ASSETCATALOG_COMPILER_GENERATE_SWIFT_ASSET_SYMBOL_EXTENSIONS = YES;
				CLANG_ANALYZER_NONNULL = YES;
				CLANG_ANALYZER_NUMBER_OBJECT_CONVERSION = YES_AGGRESSIVE;
				CLANG_CXX_LANGUAGE_STANDARD = "gnu++20";
				CLANG_ENABLE_MODULES = YES;
				CLANG_ENABLE_OBJC_ARC = YES;
				CLANG_ENABLE_OBJC_WEAK = YES;
				CLANG_WARN_BLOCK_CAPTURE_AUTORELEASING = YES;
				CLANG_WARN_BOOL_CONVERSION = YES;
				CLANG_WARN_COMMA = YES;
				CLANG_WARN_CONSTANT_CONVERSION = YES;
				CLANG_WARN_DEPRECATED_OBJC_IMPLEMENTATIONS = YES;
				CLANG_WARN_DIRECT_OBJC_ISA_USAGE = YES_ERROR;
				CLANG_WARN_DOCUMENTATION_COMMENTS = YES;
				CLANG_WARN_EMPTY_BODY = YES;
				CLANG_WARN_ENUM_CONVERSION = YES;
				CLANG_WARN_INFINITE_RECURSION = YES;
				CLANG_WARN_INT_CONVERSION = YES;
				CLANG_WARN_NON_LITERAL_NULL_CONVERSION = YES;
				CLANG_WARN_OBJC_IMPLICIT_RETAIN_SELF = YES;
				CLANG_WARN_OBJC_LITERAL_CONVERSION = YES;
				CLANG_WARN_OBJC_ROOT_CLASS = YES_ERROR;
				CLANG_WARN_QUOTED_INCLUDE_IN_FRAMEWORK_HEADER = YES;
				CLANG_WARN_RANGE_LOOP_ANALYSIS = YES;
				CLANG_WARN_STRICT_PROTOTYPES = YES;
				CLANG_WARN_SUSPICIOUS_MOVE = YES;
				CLANG_WARN_UNGUARDED_AVAILABILITY = YES_AGGRESSIVE;
				CLANG_WARN_UNREACHABLE_CODE = YES;
				CLANG_WARN__DUPLICATE_METHOD_MATCH = YES;
				COPY_PHASE_STRIP = NO;
				DEBUG_INFORMATION_FORMAT = "dwarf-with-dsym";
				ENABLE_NS_ASSERTIONS = NO;
				ENABLE_STRICT_OBJC_MSGSEND = YES;
				ENABLE_USER_SCRIPT_SANDBOXING = NO;
				GCC_C_LANGUAGE_STANDARD = gnu17;
				GCC_NO_COMMON_BLOCKS = YES;
				GCC_WARN_64_TO_32_BIT_CONVERSION = YES;
				GCC_WARN_ABOUT_RETURN_TYPE = YES_ERROR;
				GCC_WARN_UNDECLARED_SELECTOR = YES;
				GCC_WARN_UNINITIALIZED_AUTOS = YES_AGGRESSIVE;
				GCC_WARN_UNUSED_FUNCTION = YES;
				GCC_WARN_UNUSED_VARIABLE = YES;
				IPHONEOS_DEPLOYMENT_TARGET = 13.0;
				LOCALIZATION_PREFERS_STRING_CATALOGS = YES;
				MTL_ENABLE_DEBUG_INFO = NO;
				MTL_FAST_MATH = YES;
				SDKROOT = iphoneos;
				SWIFT_COMPILATION_MODE = wholemodule;
				VALIDATE_PRODUCT = YES;
			};
			name = Release;
		};
		4D9EE9E02C55567D002BF6B7 /* Debug */ = {
			isa = XCBuildConfiguration;
			baseConfigurationReference = 01471F0859F49A2B09F6437C /* Pods-App-MVVM-RxSwift-and-other-Frameworks.debug.xcconfig */;
			buildSettings = {
				ASSETCATALOG_COMPILER_APPICON_NAME = AppIcon;
				ASSETCATALOG_COMPILER_GLOBAL_ACCENT_COLOR_NAME = AccentColor;
				CODE_SIGN_STYLE = Automatic;
				CURRENT_PROJECT_VERSION = 1;
				DEVELOPMENT_TEAM = SR6T9Z9RAZ;
				GENERATE_INFOPLIST_FILE = YES;
				INFOPLIST_FILE = "App-MVVM-RxSwift-and-other-Frameworks/Info.plist";
				INFOPLIST_KEY_LSApplicationCategoryType = "public.app-category.news";
				INFOPLIST_KEY_UIApplicationSupportsIndirectInputEvents = YES;
				INFOPLIST_KEY_UILaunchStoryboardName = LaunchScreen;
				INFOPLIST_KEY_UISupportedInterfaceOrientations = UIInterfaceOrientationPortrait;
				INFOPLIST_KEY_UISupportedInterfaceOrientations_iPad = "UIInterfaceOrientationLandscapeLeft UIInterfaceOrientationLandscapeRight UIInterfaceOrientationPortrait UIInterfaceOrientationPortraitUpsideDown";
				LD_RUNPATH_SEARCH_PATHS = (
					"$(inherited)",
					"@executable_path/Frameworks",
				);
				MARKETING_VERSION = 1.0;
				PRODUCT_BUNDLE_IDENTIFIER = "JediClan.App-MVVM-RxSwift-and-other-Frameworks";
				PRODUCT_NAME = "$(TARGET_NAME)";
				SUPPORTED_PLATFORMS = "iphoneos iphonesimulator";
				SUPPORTS_MACCATALYST = NO;
				SUPPORTS_MAC_DESIGNED_FOR_IPHONE_IPAD = NO;
				SWIFT_EMIT_LOC_STRINGS = YES;
				SWIFT_VERSION = 5.0;
				TARGETED_DEVICE_FAMILY = 1;
			};
			name = Debug;
		};
		4D9EE9E12C55567D002BF6B7 /* Release */ = {
			isa = XCBuildConfiguration;
			baseConfigurationReference = 9C43DFFF0B589065C57C0193 /* Pods-App-MVVM-RxSwift-and-other-Frameworks.release.xcconfig */;
			buildSettings = {
				ASSETCATALOG_COMPILER_APPICON_NAME = AppIcon;
				ASSETCATALOG_COMPILER_GLOBAL_ACCENT_COLOR_NAME = AccentColor;
				CODE_SIGN_STYLE = Automatic;
				CURRENT_PROJECT_VERSION = 1;
				DEVELOPMENT_TEAM = SR6T9Z9RAZ;
				GENERATE_INFOPLIST_FILE = YES;
				INFOPLIST_FILE = "App-MVVM-RxSwift-and-other-Frameworks/Info.plist";
				INFOPLIST_KEY_LSApplicationCategoryType = "public.app-category.news";
				INFOPLIST_KEY_UIApplicationSupportsIndirectInputEvents = YES;
				INFOPLIST_KEY_UILaunchStoryboardName = LaunchScreen;
				INFOPLIST_KEY_UISupportedInterfaceOrientations = UIInterfaceOrientationPortrait;
				INFOPLIST_KEY_UISupportedInterfaceOrientations_iPad = "UIInterfaceOrientationLandscapeLeft UIInterfaceOrientationLandscapeRight UIInterfaceOrientationPortrait UIInterfaceOrientationPortraitUpsideDown";
				LD_RUNPATH_SEARCH_PATHS = (
					"$(inherited)",
					"@executable_path/Frameworks",
				);
				MARKETING_VERSION = 1.0;
				PRODUCT_BUNDLE_IDENTIFIER = "JediClan.App-MVVM-RxSwift-and-other-Frameworks";
				PRODUCT_NAME = "$(TARGET_NAME)";
				SUPPORTED_PLATFORMS = "iphoneos iphonesimulator";
				SUPPORTS_MACCATALYST = NO;
				SUPPORTS_MAC_DESIGNED_FOR_IPHONE_IPAD = NO;
				SWIFT_EMIT_LOC_STRINGS = YES;
				SWIFT_VERSION = 5.0;
				TARGETED_DEVICE_FAMILY = 1;
			};
			name = Release;
		};
/* End XCBuildConfiguration section */

/* Begin XCConfigurationList section */
		4D9EE9C62C55567B002BF6B7 /* Build configuration list for PBXProject "App-MVVM-RxSwift-and-other-Frameworks" */ = {
			isa = XCConfigurationList;
			buildConfigurations = (
				4D9EE9DD2C55567D002BF6B7 /* Debug */,
				4D9EE9DE2C55567D002BF6B7 /* Release */,
			);
			defaultConfigurationIsVisible = 0;
			defaultConfigurationName = Release;
		};
		4D9EE9DF2C55567D002BF6B7 /* Build configuration list for PBXNativeTarget "App-MVVM-RxSwift-and-other-Frameworks" */ = {
			isa = XCConfigurationList;
			buildConfigurations = (
				4D9EE9E02C55567D002BF6B7 /* Debug */,
				4D9EE9E12C55567D002BF6B7 /* Release */,
			);
			defaultConfigurationIsVisible = 0;
			defaultConfigurationName = Release;
		};
/* End XCConfigurationList section */

/* Begin XCVersionGroup section */
		4D6588662C5645C7004C745B /* App.xcdatamodeld */ = {
			isa = XCVersionGroup;
			children = (
				4D6588672C5645C7004C745B /* App.xcdatamodel */,
			);
			currentVersion = 4D6588672C5645C7004C745B /* App.xcdatamodel */;
			path = App.xcdatamodeld;
			sourceTree = "<group>";
			versionGroupType = wrapper.xcdatamodel;
		};
/* End XCVersionGroup section */
	};
	rootObject = 4D9EE9C32C55567B002BF6B7 /* Project object */;
}
